// !$*UTF8*$!
{
	archiveVersion = 1;
	classes = {
	};
	objectVersion = 46;
	objects = {

/* Begin PBXBuildFile section */
		6F7B02C91D34C67A005182B6 /* main.m in Sources */ = {isa = PBXBuildFile; fileRef = 6F7B02C81D34C67A005182B6 /* main.m */; };
		6F7B02CC1D34C67A005182B6 /* AppDelegate.m in Sources */ = {isa = PBXBuildFile; fileRef = 6F7B02CB1D34C67A005182B6 /* AppDelegate.m */; };
		6F7B02CF1D34C67A005182B6 /* ViewController.m in Sources */ = {isa = PBXBuildFile; fileRef = 6F7B02CE1D34C67A005182B6 /* ViewController.m */; };
		6F7B02D21D34C67A005182B6 /* Main.storyboard in Resources */ = {isa = PBXBuildFile; fileRef = 6F7B02D01D34C67A005182B6 /* Main.storyboard */; };
		6F7B02D41D34C67A005182B6 /* Assets.xcassets in Resources */ = {isa = PBXBuildFile; fileRef = 6F7B02D31D34C67A005182B6 /* Assets.xcassets */; };
		6F7B02D71D34C67A005182B6 /* LaunchScreen.storyboard in Resources */ = {isa = PBXBuildFile; fileRef = 6F7B02D51D34C67A005182B6 /* LaunchScreen.storyboard */; };
		6F7B02F21D34CB20005182B6 /* AFHTTPRequestOperation.m in Sources */ = {isa = PBXBuildFile; fileRef = 6F7B02E01D34CB20005182B6 /* AFHTTPRequestOperation.m */; };
		6F7B02F31D34CB20005182B6 /* AFHTTPRequestOperationManager.m in Sources */ = {isa = PBXBuildFile; fileRef = 6F7B02E21D34CB20005182B6 /* AFHTTPRequestOperationManager.m */; };
		6F7B02F41D34CB20005182B6 /* AFHTTPSessionManager.m in Sources */ = {isa = PBXBuildFile; fileRef = 6F7B02E41D34CB20005182B6 /* AFHTTPSessionManager.m */; };
		6F7B02F51D34CB20005182B6 /* AFNetworkReachabilityManager.m in Sources */ = {isa = PBXBuildFile; fileRef = 6F7B02E71D34CB20005182B6 /* AFNetworkReachabilityManager.m */; };
		6F7B02F61D34CB20005182B6 /* AFSecurityPolicy.m in Sources */ = {isa = PBXBuildFile; fileRef = 6F7B02E91D34CB20005182B6 /* AFSecurityPolicy.m */; };
		6F7B02F71D34CB20005182B6 /* AFURLConnectionOperation.m in Sources */ = {isa = PBXBuildFile; fileRef = 6F7B02EB1D34CB20005182B6 /* AFURLConnectionOperation.m */; };
		6F7B02F81D34CB20005182B6 /* AFURLRequestSerialization.m in Sources */ = {isa = PBXBuildFile; fileRef = 6F7B02ED1D34CB20005182B6 /* AFURLRequestSerialization.m */; };
		6F7B02F91D34CB20005182B6 /* AFURLResponseSerialization.m in Sources */ = {isa = PBXBuildFile; fileRef = 6F7B02EF1D34CB20005182B6 /* AFURLResponseSerialization.m */; };
		6F7B02FA1D34CB20005182B6 /* AFURLSessionManager.m in Sources */ = {isa = PBXBuildFile; fileRef = 6F7B02F11D34CB20005182B6 /* AFURLSessionManager.m */; };
/* End PBXBuildFile section */

/* Begin PBXFileReference section */
		6F7B02C41D34C67A005182B6 /* LOL_HU.app */ = {isa = PBXFileReference; explicitFileType = wrapper.application; includeInIndex = 0; path = LOL_HU.app; sourceTree = BUILT_PRODUCTS_DIR; };
		6F7B02C81D34C67A005182B6 /* main.m */ = {isa = PBXFileReference; lastKnownFileType = sourcecode.c.objc; path = main.m; sourceTree = "<group>"; };
		6F7B02CA1D34C67A005182B6 /* AppDelegate.h */ = {isa = PBXFileReference; lastKnownFileType = sourcecode.c.h; path = AppDelegate.h; sourceTree = "<group>"; };
		6F7B02CB1D34C67A005182B6 /* AppDelegate.m */ = {isa = PBXFileReference; lastKnownFileType = sourcecode.c.objc; path = AppDelegate.m; sourceTree = "<group>"; };
		6F7B02CD1D34C67A005182B6 /* ViewController.h */ = {isa = PBXFileReference; lastKnownFileType = sourcecode.c.h; path = ViewController.h; sourceTree = "<group>"; };
		6F7B02CE1D34C67A005182B6 /* ViewController.m */ = {isa = PBXFileReference; lastKnownFileType = sourcecode.c.objc; path = ViewController.m; sourceTree = "<group>"; };
		6F7B02D11D34C67A005182B6 /* Base */ = {isa = PBXFileReference; lastKnownFileType = file.storyboard; name = Base; path = Base.lproj/Main.storyboard; sourceTree = "<group>"; };
		6F7B02D31D34C67A005182B6 /* Assets.xcassets */ = {isa = PBXFileReference; lastKnownFileType = folder.assetcatalog; path = Assets.xcassets; sourceTree = "<group>"; };
		6F7B02D61D34C67A005182B6 /* Base */ = {isa = PBXFileReference; lastKnownFileType = file.storyboard; name = Base; path = Base.lproj/LaunchScreen.storyboard; sourceTree = "<group>"; };
		6F7B02D81D34C67A005182B6 /* Info.plist */ = {isa = PBXFileReference; lastKnownFileType = text.plist.xml; path = Info.plist; sourceTree = "<group>"; };
		6F7B02DF1D34CB20005182B6 /* AFHTTPRequestOperation.h */ = {isa = PBXFileReference; fileEncoding = 4; lastKnownFileType = sourcecode.c.h; path = AFHTTPRequestOperation.h; sourceTree = "<group>"; };
		6F7B02E01D34CB20005182B6 /* AFHTTPRequestOperation.m */ = {isa = PBXFileReference; fileEncoding = 4; lastKnownFileType = sourcecode.c.objc; path = AFHTTPRequestOperation.m; sourceTree = "<group>"; };
		6F7B02E11D34CB20005182B6 /* AFHTTPRequestOperationManager.h */ = {isa = PBXFileReference; fileEncoding = 4; lastKnownFileType = sourcecode.c.h; path = AFHTTPRequestOperationManager.h; sourceTree = "<group>"; };
		6F7B02E21D34CB20005182B6 /* AFHTTPRequestOperationManager.m */ = {isa = PBXFileReference; fileEncoding = 4; lastKnownFileType = sourcecode.c.objc; path = AFHTTPRequestOperationManager.m; sourceTree = "<group>"; };
		6F7B02E31D34CB20005182B6 /* AFHTTPSessionManager.h */ = {isa = PBXFileReference; fileEncoding = 4; lastKnownFileType = sourcecode.c.h; path = AFHTTPSessionManager.h; sourceTree = "<group>"; };
		6F7B02E41D34CB20005182B6 /* AFHTTPSessionManager.m */ = {isa = PBXFileReference; fileEncoding = 4; lastKnownFileType = sourcecode.c.objc; path = AFHTTPSessionManager.m; sourceTree = "<group>"; };
		6F7B02E51D34CB20005182B6 /* AFNetworking.h */ = {isa = PBXFileReference; fileEncoding = 4; lastKnownFileType = sourcecode.c.h; path = AFNetworking.h; sourceTree = "<group>"; };
		6F7B02E61D34CB20005182B6 /* AFNetworkReachabilityManager.h */ = {isa = PBXFileReference; fileEncoding = 4; lastKnownFileType = sourcecode.c.h; path = AFNetworkReachabilityManager.h; sourceTree = "<group>"; };
		6F7B02E71D34CB20005182B6 /* AFNetworkReachabilityManager.m */ = {isa = PBXFileReference; fileEncoding = 4; lastKnownFileType = sourcecode.c.objc; path = AFNetworkReachabilityManager.m; sourceTree = "<group>"; };
		6F7B02E81D34CB20005182B6 /* AFSecurityPolicy.h */ = {isa = PBXFileReference; fileEncoding = 4; lastKnownFileType = sourcecode.c.h; path = AFSecurityPolicy.h; sourceTree = "<group>"; };
		6F7B02E91D34CB20005182B6 /* AFSecurityPolicy.m */ = {isa = PBXFileReference; fileEncoding = 4; lastKnownFileType = sourcecode.c.objc; path = AFSecurityPolicy.m; sourceTree = "<group>"; };
		6F7B02EA1D34CB20005182B6 /* AFURLConnectionOperation.h */ = {isa = PBXFileReference; fileEncoding = 4; lastKnownFileType = sourcecode.c.h; path = AFURLConnectionOperation.h; sourceTree = "<group>"; };
		6F7B02EB1D34CB20005182B6 /* AFURLConnectionOperation.m */ = {isa = PBXFileReference; fileEncoding = 4; lastKnownFileType = sourcecode.c.objc; path = AFURLConnectionOperation.m; sourceTree = "<group>"; };
		6F7B02EC1D34CB20005182B6 /* AFURLRequestSerialization.h */ = {isa = PBXFileReference; fileEncoding = 4; lastKnownFileType = sourcecode.c.h; path = AFURLRequestSerialization.h; sourceTree = "<group>"; };
		6F7B02ED1D34CB20005182B6 /* AFURLRequestSerialization.m */ = {isa = PBXFileReference; fileEncoding = 4; lastKnownFileType = sourcecode.c.objc; path = AFURLRequestSerialization.m; sourceTree = "<group>"; };
		6F7B02EE1D34CB20005182B6 /* AFURLResponseSerialization.h */ = {isa = PBXFileReference; fileEncoding = 4; lastKnownFileType = sourcecode.c.h; path = AFURLResponseSerialization.h; sourceTree = "<group>"; };
		6F7B02EF1D34CB20005182B6 /* AFURLResponseSerialization.m */ = {isa = PBXFileReference; fileEncoding = 4; lastKnownFileType = sourcecode.c.objc; path = AFURLResponseSerialization.m; sourceTree = "<group>"; };
		6F7B02F01D34CB20005182B6 /* AFURLSessionManager.h */ = {isa = PBXFileReference; fileEncoding = 4; lastKnownFileType = sourcecode.c.h; path = AFURLSessionManager.h; sourceTree = "<group>"; };
		6F7B02F11D34CB20005182B6 /* AFURLSessionManager.m */ = {isa = PBXFileReference; fileEncoding = 4; lastKnownFileType = sourcecode.c.objc; path = AFURLSessionManager.m; sourceTree = "<group>"; };
/* End PBXFileReference section */

/* Begin PBXFrameworksBuildPhase section */
		6F7B02C11D34C67A005182B6 /* Frameworks */ = {
			isa = PBXFrameworksBuildPhase;
			buildActionMask = 2147483647;
			files = (
			);
			runOnlyForDeploymentPostprocessing = 0;
		};
/* End PBXFrameworksBuildPhase section */

/* Begin PBXGroup section */
		6F7B02BB1D34C67A005182B6 = {
			isa = PBXGroup;
			children = (
				6F7B02C61D34C67A005182B6 /* LOL_HU */,
				6F7B02C51D34C67A005182B6 /* Products */,
			);
			sourceTree = "<group>";
		};
		6F7B02C51D34C67A005182B6 /* Products */ = {
			isa = PBXGroup;
			children = (
				6F7B02C41D34C67A005182B6 /* LOL_HU.app */,
			);
			name = Products;
			sourceTree = "<group>";
		};
		6F7B02C61D34C67A005182B6 /* LOL_HU */ = {
			isa = PBXGroup;
			children = (
				6F7B02CA1D34C67A005182B6 /* AppDelegate.h */,
				6F7B02CB1D34C67A005182B6 /* AppDelegate.m */,
				6F7B02CD1D34C67A005182B6 /* ViewController.h */,
				6F7B02CE1D34C67A005182B6 /* ViewController.m */,
				6F7B02D01D34C67A005182B6 /* Main.storyboard */,
				6F7B02D31D34C67A005182B6 /* Assets.xcassets */,
				6F7B02D51D34C67A005182B6 /* LaunchScreen.storyboard */,
				6F7B02D81D34C67A005182B6 /* Info.plist */,
				6F7B02C71D34C67A005182B6 /* Supporting Files */,
			);
			path = LOL_HU;
			sourceTree = "<group>";
		};
		6F7B02C71D34C67A005182B6 /* Supporting Files */ = {
			isa = PBXGroup;
			children = (
				6F7B02DE1D34CB20005182B6 /* AFNetworking */,
				6F7B02C81D34C67A005182B6 /* main.m */,
			);
			name = "Supporting Files";
			sourceTree = "<group>";
		};
		6F7B02DE1D34CB20005182B6 /* AFNetworking */ = {
			isa = PBXGroup;
			children = (
				6F7B02DF1D34CB20005182B6 /* AFHTTPRequestOperation.h */,
				6F7B02E01D34CB20005182B6 /* AFHTTPRequestOperation.m */,
				6F7B02E11D34CB20005182B6 /* AFHTTPRequestOperationManager.h */,
				6F7B02E21D34CB20005182B6 /* AFHTTPRequestOperationManager.m */,
				6F7B02E31D34CB20005182B6 /* AFHTTPSessionManager.h */,
				6F7B02E41D34CB20005182B6 /* AFHTTPSessionManager.m */,
				6F7B02E51D34CB20005182B6 /* AFNetworking.h */,
				6F7B02E61D34CB20005182B6 /* AFNetworkReachabilityManager.h */,
				6F7B02E71D34CB20005182B6 /* AFNetworkReachabilityManager.m */,
				6F7B02E81D34CB20005182B6 /* AFSecurityPolicy.h */,
				6F7B02E91D34CB20005182B6 /* AFSecurityPolicy.m */,
				6F7B02EA1D34CB20005182B6 /* AFURLConnectionOperation.h */,
				6F7B02EB1D34CB20005182B6 /* AFURLConnectionOperation.m */,
				6F7B02EC1D34CB20005182B6 /* AFURLRequestSerialization.h */,
				6F7B02ED1D34CB20005182B6 /* AFURLRequestSerialization.m */,
				6F7B02EE1D34CB20005182B6 /* AFURLResponseSerialization.h */,
				6F7B02EF1D34CB20005182B6 /* AFURLResponseSerialization.m */,
				6F7B02F01D34CB20005182B6 /* AFURLSessionManager.h */,
				6F7B02F11D34CB20005182B6 /* AFURLSessionManager.m */,
			);
			name = AFNetworking;
			path = ../../HouseKeeperApp/HouseKeeperApp/Classes/Lib/AFNetworking;
			sourceTree = "<group>";
		};
/* End PBXGroup section */

/* Begin PBXNativeTarget section */
		6F7B02C31D34C67A005182B6 /* LOL_HU */ = {
			isa = PBXNativeTarget;
			buildConfigurationList = 6F7B02DB1D34C67A005182B6 /* Build configuration list for PBXNativeTarget "LOL_HU" */;
			buildPhases = (
				6F7B02C01D34C67A005182B6 /* Sources */,
				6F7B02C11D34C67A005182B6 /* Frameworks */,
				6F7B02C21D34C67A005182B6 /* Resources */,
			);
			buildRules = (
			);
			dependencies = (
			);
			name = LOL_HU;
			productName = LOL_HU;
			productReference = 6F7B02C41D34C67A005182B6 /* LOL_HU.app */;
			productType = "com.apple.product-type.application";
		};
/* End PBXNativeTarget section */

/* Begin PBXProject section */
		6F7B02BC1D34C67A005182B6 /* Project object */ = {
			isa = PBXProject;
			attributes = {
				LastUpgradeCheck = 0730;
				ORGANIZATIONNAME = 5i5j;
				TargetAttributes = {
					6F7B02C31D34C67A005182B6 = {
						CreatedOnToolsVersion = 7.3;
					};
				};
			};
			buildConfigurationList = 6F7B02BF1D34C67A005182B6 /* Build configuration list for PBXProject "LOL_HU" */;
			compatibilityVersion = "Xcode 3.2";
			developmentRegion = English;
			hasScannedForEncodings = 0;
			knownRegions = (
				en,
				Base,
			);
			mainGroup = 6F7B02BB1D34C67A005182B6;
			productRefGroup = 6F7B02C51D34C67A005182B6 /* Products */;
			projectDirPath = "";
			projectRoot = "";
			targets = (
				6F7B02C31D34C67A005182B6 /* LOL_HU */,
			);
		};
/* End PBXProject section */

/* Begin PBXResourcesBuildPhase section */
		6F7B02C21D34C67A005182B6 /* Resources */ = {
			isa = PBXResourcesBuildPhase;
			buildActionMask = 2147483647;
			files = (
				6F7B02D71D34C67A005182B6 /* LaunchScreen.storyboard in Resources */,
				6F7B02D41D34C67A005182B6 /* Assets.xcassets in Resources */,
				6F7B02D21D34C67A005182B6 /* Main.storyboard in Resources */,
			);
			runOnlyForDeploymentPostprocessing = 0;
		};
/* End PBXResourcesBuildPhase section */

/* Begin PBXSourcesBuildPhase section */
		6F7B02C01D34C67A005182B6 /* Sources */ = {
			isa = PBXSourcesBuildPhase;
			buildActionMask = 2147483647;
			files = (
				6F7B02F21D34CB20005182B6 /* AFHTTPRequestOperation.m in Sources */,
				6F7B02CF1D34C67A005182B6 /* ViewController.m in Sources */,
				6F7B02F31D34CB20005182B6 /* AFHTTPRequestOperationManager.m in Sources */,
				6F7B02F51D34CB20005182B6 /* AFNetworkReachabilityManager.m in Sources */,
				6F7B02F91D34CB20005182B6 /* AFURLResponseSerialization.m in Sources */,
				6F7B02F71D34CB20005182B6 /* AFURLConnectionOperation.m in Sources */,
				6F7B02F61D34CB20005182B6 /* AFSecurityPolicy.m in Sources */,
				6F7B02F41D34CB20005182B6 /* AFHTTPSessionManager.m in Sources */,
				6F7B02F81D34CB20005182B6 /* AFURLRequestSerialization.m in Sources */,
				6F7B02FA1D34CB20005182B6 /* AFURLSessionManager.m in Sources */,
				6F7B02CC1D34C67A005182B6 /* AppDelegate.m in Sources */,
				6F7B02C91D34C67A005182B6 /* main.m in Sources */,
			);
			runOnlyForDeploymentPostprocessing = 0;
		};
/* End PBXSourcesBuildPhase section */

/* Begin PBXVariantGroup section */
		6F7B02D01D34C67A005182B6 /* Main.storyboard */ = {
			isa = PBXVariantGroup;
			children = (
				6F7B02D11D34C67A005182B6 /* Base */,
			);
			name = Main.storyboard;
			sourceTree = "<group>";
		};
		6F7B02D51D34C67A005182B6 /* LaunchScreen.storyboard */ = {
			isa = PBXVariantGroup;
			children = (
				6F7B02D61D34C67A005182B6 /* Base */,
			);
			name = LaunchScreen.storyboard;
			sourceTree = "<group>";
		};
/* End PBXVariantGroup section */

/* Begin XCBuildConfiguration section */
		6F7B02D91D34C67A005182B6 /* Debug */ = {
			isa = XCBuildConfiguration;
			buildSettings = {
				ALWAYS_SEARCH_USER_PATHS = NO;
				CLANG_ANALYZER_NONNULL = YES;
				CLANG_CXX_LANGUAGE_STANDARD = "gnu++0x";
				CLANG_CXX_LIBRARY = "libc++";
				CLANG_ENABLE_MODULES = YES;
				CLANG_ENABLE_OBJC_ARC = YES;
				CLANG_WARN_BOOL_CONVERSION = YES;
				CLANG_WARN_CONSTANT_CONVERSION = YES;
				CLANG_WARN_DIRECT_OBJC_ISA_USAGE = YES_ERROR;
				CLANG_WARN_EMPTY_BODY = YES;
				CLANG_WARN_ENUM_CONVERSION = YES;
				CLANG_WARN_INT_CONVERSION = YES;
				CLANG_WARN_OBJC_ROOT_CLASS = YES_ERROR;
				CLANG_WARN_UNREACHABLE_CODE = YES;
				CLANG_WARN__DUPLICATE_METHOD_MATCH = YES;
				"CODE_SIGN_IDENTITY[sdk=iphoneos*]" = "iPhone Developer";
				COPY_PHASE_STRIP = NO;
				DEBUG_INFORMATION_FORMAT = dwarf;
				ENABLE_STRICT_OBJC_MSGSEND = YES;
				ENABLE_TESTABILITY = YES;
				GCC_C_LANGUAGE_STANDARD = gnu99;
				GCC_DYNAMIC_NO_PIC = NO;
				GCC_NO_COMMON_BLOCKS = YES;
				GCC_OPTIMIZATION_LEVEL = 0;
				GCC_PREPROCESSOR_DEFINITIONS = (
					"DEBUG=1",
					"$(inherited)",
				);
				GCC_WARN_64_TO_32_BIT_CONVERSION = YES;
				GCC_WARN_ABOUT_RETURN_TYPE = YES_ERROR;
				GCC_WARN_UNDECLARED_SELECTOR = YES;
				GCC_WARN_UNINITIALIZED_AUTOS = YES_AGGRESSIVE;
				GCC_WARN_UNUSED_FUNCTION = YES;
				GCC_WARN_UNUSED_VARIABLE = YES;
				IPHONEOS_DEPLOYMENT_TARGET = 9.3;
				MTL_ENABLE_DEBUG_INFO = YES;
				ONLY_ACTIVE_ARCH = YES;
				SDKROOT = iphoneos;
			};
			name = Debug;
		};
		6F7B02DA1D34C67A005182B6 /* Release */ = {
			isa = XCBuildConfiguration;
			buildSettings = {
				ALWAYS_SEARCH_USER_PATHS = NO;
				CLANG_ANALYZER_NONNULL = YES;
				CLANG_CXX_LANGUAGE_STANDARD = "gnu++0x";
				CLANG_CXX_LIBRARY = "libc++";
				CLANG_ENABLE_MODULES = YES;
				CLANG_ENABLE_OBJC_ARC = YES;
				CLANG_WARN_BOOL_CONVERSION = YES;
				CLANG_WARN_CONSTANT_CONVERSION = YES;
				CLANG_WARN_DIRECT_OBJC_ISA_USAGE = YES_ERROR;
				CLANG_WARN_EMPTY_BODY = YES;
				CLANG_WARN_ENUM_CONVERSION = YES;
				CLANG_WARN_INT_CONVERSION = YES;
				CLANG_WARN_OBJC_ROOT_CLASS = YES_ERROR;
				CLANG_WARN_UNREACHABLE_CODE = YES;
				CLANG_WARN__DUPLICATE_METHOD_MATCH = YES;
				"CODE_SIGN_IDENTITY[sdk=iphoneos*]" = "iPhone Developer";
				COPY_PHASE_STRIP = NO;
				DEBUG_INFORMATION_FORMAT = "dwarf-with-dsym";
				ENABLE_NS_ASSERTIONS = NO;
				ENABLE_STRICT_OBJC_MSGSEND = YES;
				GCC_C_LANGUAGE_STANDARD = gnu99;
				GCC_NO_COMMON_BLOCKS = YES;
				GCC_WARN_64_TO_32_BIT_CONVERSION = YES;
				GCC_WARN_ABOUT_RETURN_TYPE = YES_ERROR;
				GCC_WARN_UNDECLARED_SELECTOR = YES;
				GCC_WARN_UNINITIALIZED_AUTOS = YES_AGGRESSIVE;
				GCC_WARN_UNUSED_FUNCTION = YES;
				GCC_WARN_UNUSED_VARIABLE = YES;
				IPHONEOS_DEPLOYMENT_TARGET = 9.3;
				MTL_ENABLE_DEBUG_INFO = NO;
				SDKROOT = iphoneos;
				VALIDATE_PRODUCT = YES;
			};
			name = Release;
		};
		6F7B02DC1D34C67A005182B6 /* Debug */ = {
			isa = XCBuildConfiguration;
			buildSettings = {
				ASSETCATALOG_COMPILER_APPICON_NAME = AppIcon;
				INFOPLIST_FILE = LOL_HU/Info.plist;
				LD_RUNPATH_SEARCH_PATHS = "$(inherited) @executable_path/Frameworks";
				PRODUCT_BUNDLE_IDENTIFIER = "com.5i5j.LOL-HU";
				PRODUCT_NAME = "$(TARGET_NAME)";
			};
			name = Debug;
		};
		6F7B02DD1D34C67A005182B6 /* Release */ = {
			isa = XCBuildConfiguration;
			buildSettings = {
				ASSETCATALOG_COMPILER_APPICON_NAME = AppIcon;
				INFOPLIST_FILE = LOL_HU/Info.plist;
				LD_RUNPATH_SEARCH_PATHS = "$(inherited) @executable_path/Frameworks";
				PRODUCT_BUNDLE_IDENTIFIER = "com.5i5j.LOL-HU";
				PRODUCT_NAME = "$(TARGET_NAME)";
			};
			name = Release;
		};
/* End XCBuildConfiguration section */

/* Begin XCConfigurationList section */
		6F7B02BF1D34C67A005182B6 /* Build configuration list for PBXProject "LOL_HU" */ = {
			isa = XCConfigurationList;
			buildConfigurations = (
				6F7B02D91D34C67A005182B6 /* Debug */,
				6F7B02DA1D34C67A005182B6 /* Release */,
			);
			defaultConfigurationIsVisible = 0;
			defaultConfigurationName = Release;
		};
		6F7B02DB1D34C67A005182B6 /* Build configuration list for PBXNativeTarget "LOL_HU" */ = {
			isa = XCConfigurationList;
			buildConfigurations = (
				6F7B02DC1D34C67A005182B6 /* Debug */,
				6F7B02DD1D34C67A005182B6 /* Release */,
			);
			defaultConfigurationIsVisible = 0;
			defaultConfigurationName = Release;
		};
/* End XCConfigurationList section */
	};
	rootObject = 6F7B02BC1D34C67A005182B6 /* Project object */;
}
